
Microsoft Visual Studio Solution File, Format Version 12.00
# Visual Studio Version 17
VisualStudioVersion = 17.4.33213.308
MinimumVisualStudioVersion = 10.0.40219.1
Project("{FAE04EC0-301F-11D3-BF4B-00C04F79EFBC}") = "Shemet Lab3", "Shemet Lab3\Shemet Lab3.csproj", "{DB6407D0-89D5-4453-9D7B-1A49E3016DFE}"
EndProject
Global
	GlobalSection(SolutionConfigurationPlatforms) = preSolution
		Debug|Any CPU = Debug|Any CPU
		Release|Any CPU = Release|Any CPU
	EndGlobalSection
	GlobalSection(ProjectConfigurationPlatforms) = postSolution
		{DB6407D0-89D5-4453-9D7B-1A49E3016DFE}.Debug|Any CPU.ActiveCfg = Debug|Any CPU
		{DB6407D0-89D5-4453-9D7B-1A49E3016DFE}.Debug|Any CPU.Build.0 = Debug|Any CPU
		{DB6407D0-89D5-4453-9D7B-1A49E3016DFE}.Release|Any CPU.ActiveCfg = Release|Any CPU
		{DB6407D0-89D5-4453-9D7B-1A49E3016DFE}.Release|Any CPU.Build.0 = Release|Any CPU
	EndGlobalSection
	GlobalSection(SolutionProperties) = preSolution
		HideSolutionNode = FALSE
	EndGlobalSection
	GlobalSection(ExtensibilityGlobals) = postSolution
		SolutionGuid = {2952D640-F660-4561-BDEA-D97709505786}
	EndGlobalSection
EndGlobal
